
Microsoft Visual Studio Solution File, Format Version 10.00
# Visual Studio 2008
Project("{FAE04EC0-301F-11D3-BF4B-00C04F79EFBC}") = "TextDemoB", "TextDemoB\TextDemoB.csproj", "{030A1B93-D4E0-4902-B798-19A0DCB5D4D7}"
EndProject
Global
	GlobalSection(SolutionConfigurationPlatforms) = preSolution
		Debug|Any CPU = Debug|Any CPU
		Release|Any CPU = Release|Any CPU
	EndGlobalSection
	GlobalSection(ProjectConfigurationPlatforms) = postSolution
		{030A1B93-D4E0-4902-B798-19A0DCB5D4D7}.Debug|Any CPU.ActiveCfg = Debug|Any CPU
		{030A1B93-D4E0-4902-B798-19A0DCB5D4D7}.Debug|Any CPU.Build.0 = Debug|Any CPU
		{030A1B93-D4E0-4902-B798-19A0DCB5D4D7}.Release|Any CPU.ActiveCfg = Release|Any CPU
		{030A1B93-D4E0-4902-B798-19A0DCB5D4D7}.Release|Any CPU.Build.0 = Release|Any CPU
	EndGlobalSection
	GlobalSection(SolutionProperties) = preSolution
		HideSolutionNode = FALSE
	EndGlobalSection
EndGlobal
